
Microsoft Visual Studio Solution File, Format Version 12.00
# Visual Studio Version 17
VisualStudioVersion = 17.12.35707.178 d17.12
MinimumVisualStudioVersion = 10.0.40219.1
Project("{FAE04EC0-301F-11D3-BF4B-00C04F79EFBC}") = "MauiApp1", "MauiApp1\MauiApp1\MauiApp1.csproj", "{5F643FBA-8362-457C-9618-AF93E2970E32}"
EndProject
Project("{FAE04EC0-301F-11D3-BF4B-00C04F79EFBC}") = "MauiApp1.Droid", "MauiApp1\MauiApp1.Droid\MauiApp1.Droid.csproj", "{164E52BE-6833-4114-9700-C203EDB9D525}"
EndProject
Project("{FAE04EC0-301F-11D3-BF4B-00C04F79EFBC}") = "MauiApp1.WinUI", "MauiApp1\MauiApp1.WinUI\MauiApp1.WinUI.csproj", "{AC6D60F4-1C45-4AB1-B330-3E5DFD8FB939}"
EndProject
Global
	GlobalSection(SolutionConfigurationPlatforms) = preSolution
		Debug|Any CPU = Debug|Any CPU
		Release|Any CPU = Release|Any CPU
	EndGlobalSection
	GlobalSection(ProjectConfigurationPlatforms) = postSolution
		{5F643FBA-8362-457C-9618-AF93E2970E32}.Debug|Any CPU.ActiveCfg = Debug|Any CPU
		{5F643FBA-8362-457C-9618-AF93E2970E32}.Debug|Any CPU.Build.0 = Debug|Any CPU
		{5F643FBA-8362-457C-9618-AF93E2970E32}.Release|Any CPU.ActiveCfg = Release|Any CPU
		{5F643FBA-8362-457C-9618-AF93E2970E32}.Release|Any CPU.Build.0 = Release|Any CPU
		{164E52BE-6833-4114-9700-C203EDB9D525}.Debug|Any CPU.ActiveCfg = Debug|Any CPU
		{164E52BE-6833-4114-9700-C203EDB9D525}.Debug|Any CPU.Build.0 = Debug|Any CPU
		{164E52BE-6833-4114-9700-C203EDB9D525}.Debug|Any CPU.Deploy.0 = Debug|Any CPU
		{164E52BE-6833-4114-9700-C203EDB9D525}.Release|Any CPU.ActiveCfg = Release|Any CPU
		{164E52BE-6833-4114-9700-C203EDB9D525}.Release|Any CPU.Build.0 = Release|Any CPU
		{164E52BE-6833-4114-9700-C203EDB9D525}.Release|Any CPU.Deploy.0 = Release|Any CPU
		{AC6D60F4-1C45-4AB1-B330-3E5DFD8FB939}.Debug|Any CPU.ActiveCfg = Debug|x64
		{AC6D60F4-1C45-4AB1-B330-3E5DFD8FB939}.Debug|Any CPU.Build.0 = Debug|x64
		{AC6D60F4-1C45-4AB1-B330-3E5DFD8FB939}.Release|Any CPU.ActiveCfg = Release|x64
		{AC6D60F4-1C45-4AB1-B330-3E5DFD8FB939}.Release|Any CPU.Build.0 = Release|x64
	EndGlobalSection
	GlobalSection(SolutionProperties) = preSolution
		HideSolutionNode = FALSE
	EndGlobalSection
EndGlobal
